Microsoft Visual Studio Solution File, Format Version 12.00
# Visual Studio Version 17
VisualStudioVersion = 17.5.2.0
MinimumVisualStudioVersion = 10.0.40219.1
Project("{FAE04EC0-301F-11D3-BF4B-00C04F79EFBC}") = "PolyPlus", "PolyPlus.csproj", "{56F4AECD-7600-F847-7134-D16A5EBCA2A9}"
EndProject
Global
	GlobalSection(SolutionConfigurationPlatforms) = preSolution
		Debug|Any CPU = Debug|Any CPU
		Release|Any CPU = Release|Any CPU
	EndGlobalSection
	GlobalSection(ProjectConfigurationPlatforms) = postSolution
		{56F4AECD-7600-F847-7134-D16A5EBCA2A9}.Debug|Any CPU.ActiveCfg = Debug|Any CPU
		{56F4AECD-7600-F847-7134-D16A5EBCA2A9}.Debug|Any CPU.Build.0 = Debug|Any CPU
		{56F4AECD-7600-F847-7134-D16A5EBCA2A9}.Release|Any CPU.ActiveCfg = Release|Any CPU
		{56F4AECD-7600-F847-7134-D16A5EBCA2A9}.Release|Any CPU.Build.0 = Release|Any CPU
	EndGlobalSection
	GlobalSection(SolutionProperties) = preSolution
		HideSolutionNode = FALSE
	EndGlobalSection
	GlobalSection(ExtensibilityGlobals) = postSolution
		SolutionGuid = {3F28DDB6-8BAE-4E88-A2A0-1DEC2F6C3B17}
	EndGlobalSection
EndGlobal
